{
  "requires": true,
  "lockfileVersion": 1,
  "dependencies": {
    "quasar": {
      "version": "1.8.2",
      "resolved": "https://registry.npmjs.org/quasar/-/quasar-1.8.2.tgz",
      "integrity": "sha512-P4egUCvOeWa2mSZ17ImIemgQLhOio3XhrIltQdLWJI3kKZglxt6DOULgNuRVbTA7hSqOIc1ST6E6wYSKYGNElA=="
    },
    "typeface-montserrat": {
      "version": "0.0.75",
      "resolved": "https://registry.npmjs.org/typeface-montserrat/-/typeface-montserrat-0.0.75.tgz",
      "integrity": "sha512-8ski20t3hdwu2T85pVfjK4jsDbwW8yWzd+LAKxYEmu+JVLVlB7G2yfmdKZz06pUwYCLVFvHvup+NYYulHDpE+w=="
    },
    "vue": {
      "version": "2.6.11",
      "resolved": "https://registry.npmjs.org/vue/-/vue-2.6.11.tgz",
      "integrity": "sha512-VfPwgcGABbGAue9+sfrD4PuwFar7gPb1yl1UK1MwXoQPAw0BKSqWfoYCT/ThFrdEVWoI51dBuyCoiNU9bZDZxQ=="
    }
  }
}
